// !$*UTF8*$!
{
	archiveVersion = 1;
	classes = {
	};
	objectVersion = 46;
	objects = {

/* Begin PBXBuildFile section */
		4924E3C21BB5632200AA63F6 /* AppDelegate.swift in Sources */ = {isa = PBXBuildFile; fileRef = 4924E3C11BB5632200AA63F6 /* AppDelegate.swift */; };
		4924E3C41BB5632300AA63F6 /* FirstViewController.swift in Sources */ = {isa = PBXBuildFile; fileRef = 4924E3C31BB5632300AA63F6 /* FirstViewController.swift */; };
		4924E3C61BB5632300AA63F6 /* SecondViewController.swift in Sources */ = {isa = PBXBuildFile; fileRef = 4924E3C51BB5632300AA63F6 /* SecondViewController.swift */; };
		4924E3C91BB5632400AA63F6 /* Main.storyboard in Resources */ = {isa = PBXBuildFile; fileRef = 4924E3C71BB5632400AA63F6 /* Main.storyboard */; };
		4924E3CB1BB5632600AA63F6 /* Assets.xcassets in Resources */ = {isa = PBXBuildFile; fileRef = 4924E3CA1BB5632600AA63F6 /* Assets.xcassets */; };
		4924E3CE1BB5632700AA63F6 /* LaunchScreen.storyboard in Resources */ = {isa = PBXBuildFile; fileRef = 4924E3CC1BB5632700AA63F6 /* LaunchScreen.storyboard */; };
		4924E3DC1BB5641400AA63F6 /* blockerList.json in Resources */ = {isa = PBXBuildFile; fileRef = 4924E3DB1BB5641400AA63F6 /* blockerList.json */; };
		4924E3DE1BB5641600AA63F6 /* ActionRequestHandler.swift in Sources */ = {isa = PBXBuildFile; fileRef = 4924E3DD1BB5641600AA63F6 /* ActionRequestHandler.swift */; };
		4924E3E21BB5641700AA63F6 /* ContentBlocker.appex in Embed App Extensions */ = {isa = PBXBuildFile; fileRef = 4924E3D91BB5641300AA63F6 /* ContentBlocker.appex */; settings = {ATTRIBUTES = (RemoveHeadersOnCopy, ); }; };
		4924E3E81BB5697F00AA63F6 /* BlockList.swift in Sources */ = {isa = PBXBuildFile; fileRef = 4924E3E71BB5697F00AA63F6 /* BlockList.swift */; settings = {ASSET_TAGS = (); }; };
/* End PBXBuildFile section */

/* Begin PBXContainerItemProxy section */
		4924E3E01BB5641700AA63F6 /* PBXContainerItemProxy */ = {
			isa = PBXContainerItemProxy;
			containerPortal = 4924E3B61BB5632100AA63F6 /* Project object */;
			proxyType = 1;
			remoteGlobalIDString = 4924E3D81BB5641300AA63F6;
			remoteInfo = ContentBlocker;
		};
/* End PBXContainerItemProxy section */

/* Begin PBXCopyFilesBuildPhase section */
		4924E3E61BB5641700AA63F6 /* Embed App Extensions */ = {
			isa = PBXCopyFilesBuildPhase;
			buildActionMask = 2147483647;
			dstPath = "";
			dstSubfolderSpec = 13;
			files = (
				4924E3E21BB5641700AA63F6 /* ContentBlocker.appex in Embed App Extensions */,
			);
			name = "Embed App Extensions";
			runOnlyForDeploymentPostprocessing = 0;
		};
/* End PBXCopyFilesBuildPhase section */

/* Begin PBXFileReference section */
		4924E3BE1BB5632200AA63F6 /* BlockIn.app */ = {isa = PBXFileReference; explicitFileType = wrapper.application; includeInIndex = 0; path = BlockIn.app; sourceTree = BUILT_PRODUCTS_DIR; };
		4924E3C11BB5632200AA63F6 /* AppDelegate.swift */ = {isa = PBXFileReference; lastKnownFileType = sourcecode.swift; path = AppDelegate.swift; sourceTree = "<group>"; };
		4924E3C31BB5632300AA63F6 /* FirstViewController.swift */ = {isa = PBXFileReference; lastKnownFileType = sourcecode.swift; path = FirstViewController.swift; sourceTree = "<group>"; };
		4924E3C51BB5632300AA63F6 /* SecondViewController.swift */ = {isa = PBXFileReference; lastKnownFileType = sourcecode.swift; path = SecondViewController.swift; sourceTree = "<group>"; };
		4924E3C81BB5632400AA63F6 /* Base */ = {isa = PBXFileReference; lastKnownFileType = file.storyboard; name = Base; path = Base.lproj/Main.storyboard; sourceTree = "<group>"; };
		4924E3CA1BB5632600AA63F6 /* Assets.xcassets */ = {isa = PBXFileReference; lastKnownFileType = folder.assetcatalog; path = Assets.xcassets; sourceTree = "<group>"; };
		4924E3CD1BB5632700AA63F6 /* Base */ = {isa = PBXFileReference; lastKnownFileType = file.storyboard; name = Base; path = Base.lproj/LaunchScreen.storyboard; sourceTree = "<group>"; };
		4924E3CF1BB5632800AA63F6 /* Info.plist */ = {isa = PBXFileReference; lastKnownFileType = text.plist.xml; path = Info.plist; sourceTree = "<group>"; };
		4924E3D91BB5641300AA63F6 /* ContentBlocker.appex */ = {isa = PBXFileReference; explicitFileType = "wrapper.app-extension"; includeInIndex = 0; path = ContentBlocker.appex; sourceTree = BUILT_PRODUCTS_DIR; };
		4924E3DB1BB5641400AA63F6 /* blockerList.json */ = {isa = PBXFileReference; lastKnownFileType = text.json; path = blockerList.json; sourceTree = "<group>"; };
		4924E3DD1BB5641600AA63F6 /* ActionRequestHandler.swift */ = {isa = PBXFileReference; lastKnownFileType = sourcecode.swift; path = ActionRequestHandler.swift; sourceTree = "<group>"; };
		4924E3DF1BB5641700AA63F6 /* Info.plist */ = {isa = PBXFileReference; lastKnownFileType = text.plist.xml; path = Info.plist; sourceTree = "<group>"; };
		4924E3E71BB5697F00AA63F6 /* BlockList.swift */ = {isa = PBXFileReference; fileEncoding = 4; lastKnownFileType = sourcecode.swift; path = BlockList.swift; sourceTree = "<group>"; };
/* End PBXFileReference section */

/* Begin PBXFrameworksBuildPhase section */
		4924E3BB1BB5632100AA63F6 /* Frameworks */ = {
			isa = PBXFrameworksBuildPhase;
			buildActionMask = 2147483647;
			files = (
			);
			runOnlyForDeploymentPostprocessing = 0;
		};
		4924E3D61BB5641300AA63F6 /* Frameworks */ = {
			isa = PBXFrameworksBuildPhase;
			buildActionMask = 2147483647;
			files = (
			);
			runOnlyForDeploymentPostprocessing = 0;
		};
/* End PBXFrameworksBuildPhase section */

/* Begin PBXGroup section */
		4924E3B51BB5632100AA63F6 = {
			isa = PBXGroup;
			children = (
				4924E3C01BB5632200AA63F6 /* BlockIn */,
				4924E3DA1BB5641300AA63F6 /* ContentBlocker */,
				4924E3BF1BB5632200AA63F6 /* Products */,
			);
			sourceTree = "<group>";
		};
		4924E3BF1BB5632200AA63F6 /* Products */ = {
			isa = PBXGroup;
			children = (
				4924E3BE1BB5632200AA63F6 /* BlockIn.app */,
				4924E3D91BB5641300AA63F6 /* ContentBlocker.appex */,
			);
			name = Products;
			sourceTree = "<group>";
		};
		4924E3C01BB5632200AA63F6 /* BlockIn */ = {
			isa = PBXGroup;
			children = (
				4924E3C11BB5632200AA63F6 /* AppDelegate.swift */,
				4924E3C31BB5632300AA63F6 /* FirstViewController.swift */,
				4924E3C51BB5632300AA63F6 /* SecondViewController.swift */,
				4924E3E71BB5697F00AA63F6 /* BlockList.swift */,
				4924E3C71BB5632400AA63F6 /* Main.storyboard */,
				4924E3CA1BB5632600AA63F6 /* Assets.xcassets */,
				4924E3CC1BB5632700AA63F6 /* LaunchScreen.storyboard */,
				4924E3CF1BB5632800AA63F6 /* Info.plist */,
			);
			path = BlockIn;
			sourceTree = "<group>";
		};
		4924E3DA1BB5641300AA63F6 /* ContentBlocker */ = {
			isa = PBXGroup;
			children = (
				4924E3DB1BB5641400AA63F6 /* blockerList.json */,
				4924E3DD1BB5641600AA63F6 /* ActionRequestHandler.swift */,
				4924E3DF1BB5641700AA63F6 /* Info.plist */,
			);
			path = ContentBlocker;
			sourceTree = "<group>";
		};
/* End PBXGroup section */

/* Begin PBXNativeTarget section */
		4924E3BD1BB5632100AA63F6 /* BlockIn */ = {
			isa = PBXNativeTarget;
			buildConfigurationList = 4924E3D21BB5632800AA63F6 /* Build configuration list for PBXNativeTarget "BlockIn" */;
			buildPhases = (
				4924E3BA1BB5632100AA63F6 /* Sources */,
				4924E3BB1BB5632100AA63F6 /* Frameworks */,
				4924E3BC1BB5632100AA63F6 /* Resources */,
				4924E3E61BB5641700AA63F6 /* Embed App Extensions */,
			);
			buildRules = (
			);
			dependencies = (
				4924E3E11BB5641700AA63F6 /* PBXTargetDependency */,
			);
			name = BlockIn;
			productName = BlockIn;
			productReference = 4924E3BE1BB5632200AA63F6 /* BlockIn.app */;
			productType = "com.apple.product-type.application";
		};
		4924E3D81BB5641300AA63F6 /* ContentBlocker */ = {
			isa = PBXNativeTarget;
			buildConfigurationList = 4924E3E31BB5641700AA63F6 /* Build configuration list for PBXNativeTarget "ContentBlocker" */;
			buildPhases = (
				4924E3D51BB5641300AA63F6 /* Sources */,
				4924E3D61BB5641300AA63F6 /* Frameworks */,
				4924E3D71BB5641300AA63F6 /* Resources */,
			);
			buildRules = (
			);
			dependencies = (
			);
			name = ContentBlocker;
			productName = ContentBlocker;
			productReference = 4924E3D91BB5641300AA63F6 /* ContentBlocker.appex */;
			productType = "com.apple.product-type.app-extension";
		};
/* End PBXNativeTarget section */

/* Begin PBXProject section */
		4924E3B61BB5632100AA63F6 /* Project object */ = {
			isa = PBXProject;
			attributes = {
				LastUpgradeCheck = 0700;
				ORGANIZATIONNAME = "Andrew Ford";
				TargetAttributes = {
					4924E3BD1BB5632100AA63F6 = {
						CreatedOnToolsVersion = 7.0;
					};
					4924E3D81BB5641300AA63F6 = {
						CreatedOnToolsVersion = 7.0;
					};
				};
			};
			buildConfigurationList = 4924E3B91BB5632100AA63F6 /* Build configuration list for PBXProject "BlockIn" */;
			compatibilityVersion = "Xcode 3.2";
			developmentRegion = English;
			hasScannedForEncodings = 0;
			knownRegions = (
				en,
				Base,
			);
			mainGroup = 4924E3B51BB5632100AA63F6;
			productRefGroup = 4924E3BF1BB5632200AA63F6 /* Products */;
			projectDirPath = "";
			projectRoot = "";
			targets = (
				4924E3BD1BB5632100AA63F6 /* BlockIn */,
				4924E3D81BB5641300AA63F6 /* ContentBlocker */,
			);
		};
/* End PBXProject section */

/* Begin PBXResourcesBuildPhase section */
		4924E3BC1BB5632100AA63F6 /* Resources */ = {
			isa = PBXResourcesBuildPhase;
			buildActionMask = 2147483647;
			files = (
				4924E3CE1BB5632700AA63F6 /* LaunchScreen.storyboard in Resources */,
				4924E3CB1BB5632600AA63F6 /* Assets.xcassets in Resources */,
				4924E3C91BB5632400AA63F6 /* Main.storyboard in Resources */,
			);
			runOnlyForDeploymentPostprocessing = 0;
		};
		4924E3D71BB5641300AA63F6 /* Resources */ = {
			isa = PBXResourcesBuildPhase;
			buildActionMask = 2147483647;
			files = (
				4924E3DC1BB5641400AA63F6 /* blockerList.json in Resources */,
			);
			runOnlyForDeploymentPostprocessing = 0;
		};
/* End PBXResourcesBuildPhase section */

/* Begin PBXSourcesBuildPhase section */
		4924E3BA1BB5632100AA63F6 /* Sources */ = {
			isa = PBXSourcesBuildPhase;
			buildActionMask = 2147483647;
			files = (
				4924E3C61BB5632300AA63F6 /* SecondViewController.swift in Sources */,
				4924E3E81BB5697F00AA63F6 /* BlockList.swift in Sources */,
				4924E3C21BB5632200AA63F6 /* AppDelegate.swift in Sources */,
				4924E3C41BB5632300AA63F6 /* FirstViewController.swift in Sources */,
			);
			runOnlyForDeploymentPostprocessing = 0;
		};
		4924E3D51BB5641300AA63F6 /* Sources */ = {
			isa = PBXSourcesBuildPhase;
			buildActionMask = 2147483647;
			files = (
				4924E3DE1BB5641600AA63F6 /* ActionRequestHandler.swift in Sources */,
			);
			runOnlyForDeploymentPostprocessing = 0;
		};
/* End PBXSourcesBuildPhase section */

/* Begin PBXTargetDependency section */
		4924E3E11BB5641700AA63F6 /* PBXTargetDependency */ = {
			isa = PBXTargetDependency;
			target = 4924E3D81BB5641300AA63F6 /* ContentBlocker */;
			targetProxy = 4924E3E01BB5641700AA63F6 /* PBXContainerItemProxy */;
		};
/* End PBXTargetDependency section */

/* Begin PBXVariantGroup section */
		4924E3C71BB5632400AA63F6 /* Main.storyboard */ = {
			isa = PBXVariantGroup;
			children = (
				4924E3C81BB5632400AA63F6 /* Base */,
			);
			name = Main.storyboard;
			sourceTree = "<group>";
		};
		4924E3CC1BB5632700AA63F6 /* LaunchScreen.storyboard */ = {
			isa = PBXVariantGroup;
			children = (
				4924E3CD1BB5632700AA63F6 /* Base */,
			);
			name = LaunchScreen.storyboard;
			sourceTree = "<group>";
		};
/* End PBXVariantGroup section */

/* Begin XCBuildConfiguration section */
		4924E3D01BB5632800AA63F6 /* Debug */ = {
			isa = XCBuildConfiguration;
			buildSettings = {
				ALWAYS_SEARCH_USER_PATHS = NO;
				CLANG_CXX_LANGUAGE_STANDARD = "gnu++0x";
				CLANG_CXX_LIBRARY = "libc++";
				CLANG_ENABLE_MODULES = YES;
				CLANG_ENABLE_OBJC_ARC = YES;
				CLANG_WARN_BOOL_CONVERSION = YES;
				CLANG_WARN_CONSTANT_CONVERSION = YES;
				CLANG_WARN_DIRECT_OBJC_ISA_USAGE = YES_ERROR;
				CLANG_WARN_EMPTY_BODY = YES;
				CLANG_WARN_ENUM_CONVERSION = YES;
				CLANG_WARN_INT_CONVERSION = YES;
				CLANG_WARN_OBJC_ROOT_CLASS = YES_ERROR;
				CLANG_WARN_UNREACHABLE_CODE = YES;
				CLANG_WARN__DUPLICATE_METHOD_MATCH = YES;
				"CODE_SIGN_IDENTITY[sdk=iphoneos*]" = "iPhone Developer";
				COPY_PHASE_STRIP = NO;
				DEBUG_INFORMATION_FORMAT = dwarf;
				ENABLE_STRICT_OBJC_MSGSEND = YES;
				ENABLE_TESTABILITY = YES;
				GCC_C_LANGUAGE_STANDARD = gnu99;
				GCC_DYNAMIC_NO_PIC = NO;
				GCC_NO_COMMON_BLOCKS = YES;
				GCC_OPTIMIZATION_LEVEL = 0;
				GCC_PREPROCESSOR_DEFINITIONS = (
					"DEBUG=1",
					"$(inherited)",
				);
				GCC_WARN_64_TO_32_BIT_CONVERSION = YES;
				GCC_WARN_ABOUT_RETURN_TYPE = YES_ERROR;
				GCC_WARN_UNDECLARED_SELECTOR = YES;
				GCC_WARN_UNINITIALIZED_AUTOS = YES_AGGRESSIVE;
				GCC_WARN_UNUSED_FUNCTION = YES;
				GCC_WARN_UNUSED_VARIABLE = YES;
				IPHONEOS_DEPLOYMENT_TARGET = 9.0;
				MTL_ENABLE_DEBUG_INFO = YES;
				ONLY_ACTIVE_ARCH = YES;
				SDKROOT = iphoneos;
				SWIFT_OPTIMIZATION_LEVEL = "-Onone";
				TARGETED_DEVICE_FAMILY = "1,2";
			};
			name = Debug;
		};
		4924E3D11BB5632800AA63F6 /* Release */ = {
			isa = XCBuildConfiguration;
			buildSettings = {
				ALWAYS_SEARCH_USER_PATHS = NO;
				CLANG_CXX_LANGUAGE_STANDARD = "gnu++0x";
				CLANG_CXX_LIBRARY = "libc++";
				CLANG_ENABLE_MODULES = YES;
				CLANG_ENABLE_OBJC_ARC = YES;
				CLANG_WARN_BOOL_CONVERSION = YES;
				CLANG_WARN_CONSTANT_CONVERSION = YES;
				CLANG_WARN_DIRECT_OBJC_ISA_USAGE = YES_ERROR;
				CLANG_WARN_EMPTY_BODY = YES;
				CLANG_WARN_ENUM_CONVERSION = YES;
				CLANG_WARN_INT_CONVERSION = YES;
				CLANG_WARN_OBJC_ROOT_CLASS = YES_ERROR;
				CLANG_WARN_UNREACHABLE_CODE = YES;
				CLANG_WARN__DUPLICATE_METHOD_MATCH = YES;
				"CODE_SIGN_IDENTITY[sdk=iphoneos*]" = "iPhone Developer";
				COPY_PHASE_STRIP = NO;
				DEBUG_INFORMATION_FORMAT = "dwarf-with-dsym";
				ENABLE_NS_ASSERTIONS = NO;
				ENABLE_STRICT_OBJC_MSGSEND = YES;
				GCC_C_LANGUAGE_STANDARD = gnu99;
				GCC_NO_COMMON_BLOCKS = YES;
				GCC_WARN_64_TO_32_BIT_CONVERSION = YES;
				GCC_WARN_ABOUT_RETURN_TYPE = YES_ERROR;
				GCC_WARN_UNDECLARED_SELECTOR = YES;
				GCC_WARN_UNINITIALIZED_AUTOS = YES_AGGRESSIVE;
				GCC_WARN_UNUSED_FUNCTION = YES;
				GCC_WARN_UNUSED_VARIABLE = YES;
				IPHONEOS_DEPLOYMENT_TARGET = 9.0;
				MTL_ENABLE_DEBUG_INFO = NO;
				SDKROOT = iphoneos;
				TARGETED_DEVICE_FAMILY = "1,2";
				VALIDATE_PRODUCT = YES;
			};
			name = Release;
		};
		4924E3D31BB5632800AA63F6 /* Debug */ = {
			isa = XCBuildConfiguration;
			buildSettings = {
				ASSETCATALOG_COMPILER_APPICON_NAME = AppIcon;
				EMBEDDED_CONTENT_CONTAINS_SWIFT = YES;
				INFOPLIST_FILE = BlockIn/Info.plist;
				LD_RUNPATH_SEARCH_PATHS = "$(inherited) @executable_path/Frameworks";
				PRODUCT_BUNDLE_IDENTIFIER = andrewford.com.BlockIn;
				PRODUCT_NAME = "$(TARGET_NAME)";
			};
			name = Debug;
		};
		4924E3D41BB5632800AA63F6 /* Release */ = {
			isa = XCBuildConfiguration;
			buildSettings = {
				ASSETCATALOG_COMPILER_APPICON_NAME = AppIcon;
				EMBEDDED_CONTENT_CONTAINS_SWIFT = YES;
				INFOPLIST_FILE = BlockIn/Info.plist;
				LD_RUNPATH_SEARCH_PATHS = "$(inherited) @executable_path/Frameworks";
				PRODUCT_BUNDLE_IDENTIFIER = andrewford.com.BlockIn;
				PRODUCT_NAME = "$(TARGET_NAME)";
			};
			name = Release;
		};
		4924E3E41BB5641700AA63F6 /* Debug */ = {
			isa = XCBuildConfiguration;
			buildSettings = {
				ARCHS = "$(ARCHS_STANDARD_64_BIT)";
				INFOPLIST_FILE = ContentBlocker/Info.plist;
				LD_RUNPATH_SEARCH_PATHS = "$(inherited) @executable_path/Frameworks @executable_path/../../Frameworks";
				PRODUCT_BUNDLE_IDENTIFIER = andrewford.com.BlockIn.ContentBlocker;
				PRODUCT_NAME = "$(TARGET_NAME)";
				SKIP_INSTALL = YES;
			};
			name = Debug;
		};
		4924E3E51BB5641700AA63F6 /* Release */ = {
			isa = XCBuildConfiguration;
			buildSettings = {
				ARCHS = "$(ARCHS_STANDARD_64_BIT)";
				INFOPLIST_FILE = ContentBlocker/Info.plist;
				LD_RUNPATH_SEARCH_PATHS = "$(inherited) @executable_path/Frameworks @executable_path/../../Frameworks";
				PRODUCT_BUNDLE_IDENTIFIER = andrewford.com.BlockIn.ContentBlocker;
				PRODUCT_NAME = "$(TARGET_NAME)";
				SKIP_INSTALL = YES;
			};
			name = Release;
		};
/* End XCBuildConfiguration section */

/* Begin XCConfigurationList section */
		4924E3B91BB5632100AA63F6 /* Build configuration list for PBXProject "BlockIn" */ = {
			isa = XCConfigurationList;
			buildConfigurations = (
				4924E3D01BB5632800AA63F6 /* Debug */,
				4924E3D11BB5632800AA63F6 /* Release */,
			);
			defaultConfigurationIsVisible = 0;
			defaultConfigurationName = Release;
		};
		4924E3D21BB5632800AA63F6 /* Build configuration list for PBXNativeTarget "BlockIn" */ = {
			isa = XCConfigurationList;
			buildConfigurations = (
				4924E3D31BB5632800AA63F6 /* Debug */,
				4924E3D41BB5632800AA63F6 /* Release */,
			);
			defaultConfigurationIsVisible = 0;
		};
		4924E3E31BB5641700AA63F6 /* Build configuration list for PBXNativeTarget "ContentBlocker" */ = {
			isa = XCConfigurationList;
			buildConfigurations = (
				4924E3E41BB5641700AA63F6 /* Debug */,
				4924E3E51BB5641700AA63F6 /* Release */,
			);
			defaultConfigurationIsVisible = 0;
		};
/* End XCConfigurationList section */
	};
	rootObject = 4924E3B61BB5632100AA63F6 /* Project object */;
}
